
Microsoft Visual Studio Solution File, Format Version 12.00
Project("{FAE04EC0-301F-11D3-BF4B-00C04F79EFBC}") = "TestsHelper.SourceGenerator", "TestsHelper.SourceGenerator\TestsHelper.SourceGenerator.csproj", "{368C8450-FFFF-493D-B4E6-C8EC6CF4EB54}"
EndProject
Project("{2150E333-8FDC-42A3-9474-1A3956D46DE8}") = "Misc", "Misc", "{4736ED08-493F-4737-BF60-DC514BE6AB38}"
	ProjectSection(SolutionItems) = preProject
		.gitignore = .gitignore
	EndProjectSection
EndProject
Global
	GlobalSection(SolutionConfigurationPlatforms) = preSolution
		Debug|Any CPU = Debug|Any CPU
		Release|Any CPU = Release|Any CPU
	EndGlobalSection
	GlobalSection(ProjectConfigurationPlatforms) = postSolution
		{368C8450-FFFF-493D-B4E6-C8EC6CF4EB54}.Debug|Any CPU.ActiveCfg = Debug|Any CPU
		{368C8450-FFFF-493D-B4E6-C8EC6CF4EB54}.Debug|Any CPU.Build.0 = Debug|Any CPU
		{368C8450-FFFF-493D-B4E6-C8EC6CF4EB54}.Release|Any CPU.ActiveCfg = Release|Any CPU
		{368C8450-FFFF-493D-B4E6-C8EC6CF4EB54}.Release|Any CPU.Build.0 = Release|Any CPU
	EndGlobalSection
EndGlobal
